{
  "requires": true,
  "lockfileVersion": 1,
  "dependencies": {
    "@fortawesome/fontawesome-free-webfonts": {
      "version": "1.0.9",
      "resolved": "https://registry.npmjs.org/@fortawesome/fontawesome-free-webfonts/-/fontawesome-free-webfonts-1.0.9.tgz",
      "integrity": "sha512-nLgl6b6a+tXaoJJnSRw0hjN8cWM/Q5DhxKAwI9Xr0AiC43lQ2F98vQ1KLA6kw5OoYeAyisGGqmlwtBj0WqOI5Q=="
    },
    "@fullcalendar/common": {
      "version": "5.7.0",
      "resolved": "https://registry.npmjs.org/@fullcalendar/common/-/common-5.7.0.tgz",
      "integrity": "sha512-8zKa4q9cQ5xjuAyN0d8AlpCrEC9Kmar5Oq3iMcPbPIO2AtNXTvifzCG44VIgm3/skjDBZ/wYvjJyyB+4WdmT6g==",
      "requires": {
        "tslib": "^2.0.3"
      }
    },
    "@fullcalendar/core": {
      "version": "5.7.0",
      "resolved": "https://registry.npmjs.org/@fullcalendar/core/-/core-5.7.0.tgz",
      "integrity": "sha512-V9kNy/fgZLMPNarS1Eav3WUZIhdyzanYJPWTTxycCT/AiTxyw+RyinowhR9qnv3ZnUTMrZzCAplMT0HKdRFfnA==",
      "requires": {
        "@fullcalendar/common": "~5.7.0",
        "preact": "^10.0.5",
        "tslib": "^2.0.3"
      }
    },
    "@fullcalendar/daygrid": {
      "version": "5.7.0",
      "resolved": "https://registry.npmjs.org/@fullcalendar/daygrid/-/daygrid-5.7.0.tgz",
      "integrity": "sha512-K/0A1XIcf527Q18Hg4eMXCdZwd9AkkfrOqm/rtzULnM5cRkd2oaHOksdrQ5V0kGHAQeV96sp9OCg8PPBrdlBoQ==",
      "requires": {
        "@fullcalendar/common": "~5.7.0",
        "tslib": "^2.0.3"
      }
    },
    "@fullcalendar/list": {
      "version": "5.7.0",
      "resolved": "https://registry.npmjs.org/@fullcalendar/list/-/list-5.7.0.tgz",
      "integrity": "sha512-+EYUnWyjcCYppX52VRD4paaJx9c7ly8aCekGBKDsMbs3+KmgTbMEWNdoQKXJGE8Hn668x7OCo8RRZoT65YjTxQ==",
      "requires": {
        "@fullcalendar/common": "~5.7.0",
        "tslib": "^2.0.3"
      }
    },
    "@fullcalendar/timegrid": {
      "version": "5.7.0",
      "resolved": "https://registry.npmjs.org/@fullcalendar/timegrid/-/timegrid-5.7.0.tgz",
      "integrity": "sha512-CTDkrqllYZyICd75MeGUJ45e4EC8SZsSwDN6DtUD5wPTfQW2j8vGX89iy/yEnhNUi8yzWe70St95vGFo1IeakQ==",
      "requires": {
        "@fullcalendar/common": "~5.7.0",
        "@fullcalendar/daygrid": "~5.7.0",
        "tslib": "^2.0.3"
      }
    },
    "arrobefr-jquery-calendar-bs4": {
      "version": "1.0.3",
      "resolved": "https://registry.npmjs.org/arrobefr-jquery-calendar-bs4/-/arrobefr-jquery-calendar-bs4-1.0.3.tgz",
      "integrity": "sha512-PNzxiAtxkTFQt79FPtYJVr7pOI0eM++jcwcwoa+EHrAgnaouIsAFTw5MntoA8RT03JPSmBC09qekilvLPvg/Ig==",
      "requires": {
        "@fortawesome/fontawesome-free-webfonts": "^1",
        "bootstrap": "^4",
        "jquery": "^3",
        "jquery-touchswipe": "^1.6",
        "moment": "^2.22",
        "popper.js": "^1.14"
      }
    },
    "bootstrap": {
      "version": "4.6.0",
      "resolved": "https://registry.npmjs.org/bootstrap/-/bootstrap-4.6.0.tgz",
      "integrity": "sha512-Io55IuQY3kydzHtbGvQya3H+KorS/M9rSNyfCGCg9WZ4pyT/lCxIlpJgG1GXW/PswzC84Tr2fBYi+7+jFVQQBw=="
    },
    "fullcalendar": {
      "version": "5.7.0",
      "resolved": "https://registry.npmjs.org/fullcalendar/-/fullcalendar-5.7.0.tgz",
      "integrity": "sha512-kOuzocipmY8o1oCVUSsKbv+eSqBbVpIZMUdxgramZPj7Rb4qs4GpVE7UgFt6kUQO6fC/CLazEpVfa3TUlSMkFA=="
    },
    "jquery": {
      "version": "3.6.0",
      "resolved": "https://registry.npmjs.org/jquery/-/jquery-3.6.0.tgz",
      "integrity": "sha512-JVzAR/AjBvVt2BmYhxRCSYysDsPcssdmTFnzyLEts9qNwmjmu4JTAMYubEfwVOSwpQ1I1sKKFcxhZCI2buerfw=="
    },
    "jquery-touchswipe": {
      "version": "1.6.19",
      "resolved": "https://registry.npmjs.org/jquery-touchswipe/-/jquery-touchswipe-1.6.19.tgz",
      "integrity": "sha512-b0BGje9reNRU3u6ksAK9QqnX7yBRgLNe/wYG7DOfyDlhBlYjayIT8bSOHmcuvptIDW/ubM9CTW/mnZf9Rohuow=="
    },
    "moment": {
      "version": "2.29.1",
      "resolved": "https://registry.npmjs.org/moment/-/moment-2.29.1.tgz",
      "integrity": "sha512-kHmoybcPV8Sqy59DwNDY3Jefr64lK/by/da0ViFcuA4DH0vQg5Q6Ze5VimxkfQNSC+Mls/Kx53s7TjP1RhFEDQ=="
    },
    "popper.js": {
      "version": "1.16.1",
      "resolved": "https://registry.npmjs.org/popper.js/-/popper.js-1.16.1.tgz",
      "integrity": "sha512-Wb4p1J4zyFTbM+u6WuO4XstYx4Ky9Cewe4DWrel7B0w6VVICvPwdOpotjzcf6eD8TsckVnIMNONQyPIUFOUbCQ=="
    },
    "preact": {
      "version": "10.5.13",
      "resolved": "https://registry.npmjs.org/preact/-/preact-10.5.13.tgz",
      "integrity": "sha512-q/vlKIGNwzTLu+jCcvywgGrt+H/1P/oIRSD6mV4ln3hmlC+Aa34C7yfPI4+5bzW8pONyVXYS7SvXosy2dKKtWQ=="
    },
    "tslib": {
      "version": "2.2.0",
      "resolved": "https://registry.npmjs.org/tslib/-/tslib-2.2.0.tgz",
      "integrity": "sha512-gS9GVHRU+RGn5KQM2rllAlR3dU6m7AcpJKdtH8gFvQiC4Otgk98XnmMU+nZenHt/+VhnBPWwgrJsyrdcw6i23w=="
    }
  }
}
